
Microsoft Visual Studio Solution File, Format Version 12.00
# Visual Studio Version 17
VisualStudioVersion = 17.10.34928.147
MinimumVisualStudioVersion = 10.0.40219.1
Project("{9A19103F-16F7-4668-BE54-9A1E7A4F7556}") = "String Sort WFA", "String Sort WFA.csproj", "{C9277A9F-A16F-4AE9-8CC5-5E73C686EDF6}"
EndProject
Global
	GlobalSection(SolutionConfigurationPlatforms) = preSolution
		Debug|Any CPU = Debug|Any CPU
		Release|Any CPU = Release|Any CPU
	EndGlobalSection
	GlobalSection(ProjectConfigurationPlatforms) = postSolution
		{C9277A9F-A16F-4AE9-8CC5-5E73C686EDF6}.Debug|Any CPU.ActiveCfg = Debug|Any CPU
		{C9277A9F-A16F-4AE9-8CC5-5E73C686EDF6}.Debug|Any CPU.Build.0 = Debug|Any CPU
		{C9277A9F-A16F-4AE9-8CC5-5E73C686EDF6}.Release|Any CPU.ActiveCfg = Release|Any CPU
		{C9277A9F-A16F-4AE9-8CC5-5E73C686EDF6}.Release|Any CPU.Build.0 = Release|Any CPU
	EndGlobalSection
	GlobalSection(SolutionProperties) = preSolution
		HideSolutionNode = FALSE
	EndGlobalSection
	GlobalSection(ExtensibilityGlobals) = postSolution
		SolutionGuid = {0946EE9D-7FCC-47E6-A11A-9AE898D4EEB5}
	EndGlobalSection
EndGlobal
